
Microsoft Visual Studio Solution File, Format Version 12.00
# Visual Studio 15
VisualStudioVersion = 15.0.28010.2003
MinimumVisualStudioVersion = 10.0.40219.1
Project("{FAE04EC0-301F-11D3-BF4B-00C04F79EFBC}") = "AnyoneTennis", "AnyoneTennis\AnyoneTennis.csproj", "{4DE67E81-6FCC-4483-8A85-FC677C0FBAB4}"
EndProject
Global
	GlobalSection(SolutionConfigurationPlatforms) = preSolution
		Debug|Any CPU = Debug|Any CPU
		Release|Any CPU = Release|Any CPU
	EndGlobalSection
	GlobalSection(ProjectConfigurationPlatforms) = postSolution
		{4DE67E81-6FCC-4483-8A85-FC677C0FBAB4}.Debug|Any CPU.ActiveCfg = Debug|Any CPU
		{4DE67E81-6FCC-4483-8A85-FC677C0FBAB4}.Debug|Any CPU.Build.0 = Debug|Any CPU
		{4DE67E81-6FCC-4483-8A85-FC677C0FBAB4}.Release|Any CPU.ActiveCfg = Release|Any CPU
		{4DE67E81-6FCC-4483-8A85-FC677C0FBAB4}.Release|Any CPU.Build.0 = Release|Any CPU
	EndGlobalSection
	GlobalSection(SolutionProperties) = preSolution
		HideSolutionNode = FALSE
	EndGlobalSection
	GlobalSection(ExtensibilityGlobals) = postSolution
		SolutionGuid = {BA4D464D-2A7F-4C4E-B01C-63B8A2235EE7}
	EndGlobalSection
EndGlobal
